{
  "lockfileVersion": 1,
  "configVersion": 1,
  "workspaces": {
    "": {
      "name": "teamotp",
      "devDependencies": {
        "@biomejs/biome": "~2.4.7",
        "@types/bun": "~1.3.10",
        "@typescript/native-preview": "~7.0.0-dev.20260315.1",
      },
    },
  },
  "packages": {
    "@biomejs/biome": ["@biomejs/biome@2.4.7", "", { "optionalDependencies": { "@biomejs/cli-darwin-arm64": "2.4.7", "@biomejs/cli-darwin-x64": "2.4.7", "@biomejs/cli-linux-arm64": "2.4.7", "@biomejs/cli-linux-arm64-musl": "2.4.7", "@biomejs/cli-linux-x64": "2.4.7", "@biomejs/cli-linux-x64-musl": "2.4.7", "@biomejs/cli-win32-arm64": "2.4.7", "@biomejs/cli-win32-x64": "2.4.7" }, "bin": { "biome": "bin/biome" } }, "sha512-vXrgcmNGZ4lpdwZSpMf1hWw1aWS6B+SyeSYKTLrNsiUsAdSRN0J4d/7mF3ogJFbIwFFSOL3wT92Zzxia/d5/ng=="],

    "@biomejs/cli-darwin-arm64": ["@biomejs/cli-darwin-arm64@2.4.7", "", { "os": "darwin", "cpu": "arm64" }, "sha512-Oo0cF5mHzmvDmTXw8XSjhCia8K6YrZnk7aCS54+/HxyMdZMruMO3nfpDsrlar/EQWe41r1qrwKiCa2QDYHDzWA=="],

    "@biomejs/cli-darwin-x64": ["@biomejs/cli-darwin-x64@2.4.7", "", { "os": "darwin", "cpu": "x64" }, "sha512-I+cOG3sd/7HdFtvDSnF9QQPrWguUH7zrkIMMykM3PtfWU9soTcS2yRb9Myq6MHmzbeCT08D1UmY+BaiMl5CcoQ=="],

    "@biomejs/cli-linux-arm64": ["@biomejs/cli-linux-arm64@2.4.7", "", { "os": "linux", "cpu": "arm64" }, "sha512-om6FugwmibzfP/6ALj5WRDVSND4H2G9X0nkI1HZpp2ySf9lW2j0X68oQSaHEnls6666oy4KDsc5RFjT4m0kV0w=="],

    "@biomejs/cli-linux-arm64-musl": ["@biomejs/cli-linux-arm64-musl@2.4.7", "", { "os": "linux", "cpu": "arm64" }, "sha512-I2NvM9KPb09jWml93O2/5WMfNR7Lee5Latag1JThDRMURVhPX74p9UDnyTw3Ae6cE1DgXfw7sqQgX7rkvpc0vw=="],

    "@biomejs/cli-linux-x64": ["@biomejs/cli-linux-x64@2.4.7", "", { "os": "linux", "cpu": "x64" }, "sha512-bV8/uo2Tj+gumnk4sUdkerWyCPRabaZdv88IpbmDWARQQoA/Q0YaqPz1a+LSEDIL7OfrnPi9Hq1Llz4ZIGyIQQ=="],

    "@biomejs/cli-linux-x64-musl": ["@biomejs/cli-linux-x64-musl@2.4.7", "", { "os": "linux", "cpu": "x64" }, "sha512-00kx4YrBMU8374zd2wHuRV5wseh0rom5HqRND+vDldJPrWwQw+mzd/d8byI9hPx926CG+vWzq6AeiT7Yi5y59g=="],

    "@biomejs/cli-win32-arm64": ["@biomejs/cli-win32-arm64@2.4.7", "", { "os": "win32", "cpu": "arm64" }, "sha512-hOUHBMlFCvDhu3WCq6vaBoG0dp0LkWxSEnEEsxxXvOa9TfT6ZBnbh72A/xBM7CBYB7WgwqboetzFEVDnMxelyw=="],

    "@biomejs/cli-win32-x64": ["@biomejs/cli-win32-x64@2.4.7", "", { "os": "win32", "cpu": "x64" }, "sha512-qEpGjSkPC3qX4ycbMUthXvi9CkRq7kZpkqMY1OyhmYlYLnANnooDQ7hDerM8+0NJ+DZKVnsIc07h30XOpt7LtQ=="],

    "@types/bun": ["@types/bun@1.3.10", "", { "dependencies": { "bun-types": "1.3.10" } }, "sha512-0+rlrUrOrTSskibryHbvQkDOWRJwJZqZlxrUs1u4oOoTln8+WIXBPmAuCF35SWB2z4Zl3E84Nl/D0P7803nigQ=="],

    "@types/node": ["@types/node@25.5.0", "", { "dependencies": { "undici-types": "~7.18.0" } }, "sha512-jp2P3tQMSxWugkCUKLRPVUpGaL5MVFwF8RDuSRztfwgN1wmqJeMSbKlnEtQqU8UrhTmzEmZdu2I6v2dpp7XIxw=="],

    "@typescript/native-preview": ["@typescript/native-preview@7.0.0-dev.20260315.1", "", { "optionalDependencies": { "@typescript/native-preview-darwin-arm64": "7.0.0-dev.20260315.1", "@typescript/native-preview-darwin-x64": "7.0.0-dev.20260315.1", "@typescript/native-preview-linux-arm": "7.0.0-dev.20260315.1", "@typescript/native-preview-linux-arm64": "7.0.0-dev.20260315.1", "@typescript/native-preview-linux-x64": "7.0.0-dev.20260315.1", "@typescript/native-preview-win32-arm64": "7.0.0-dev.20260315.1", "@typescript/native-preview-win32-x64": "7.0.0-dev.20260315.1" }, "bin": { "tsgo": "bin/tsgo.js" } }, "sha512-t+st0mCz4HpvODTTlj2XxIQtiNT7L7lxP91790MOfA0xTRgwu7ERYV7WB1SbXRyrFDIwuO1bZqT0E0P4qcL4RQ=="],

    "@typescript/native-preview-darwin-arm64": ["@typescript/native-preview-darwin-arm64@7.0.0-dev.20260315.1", "", { "os": "darwin", "cpu": "arm64" }, "sha512-UhRPJWUZMHO1Xuurjr28gR98+nwD+QBJiUWzTLLrvhkGEOA8IG9Q8hqzJ07AQb/V251F/MsEjOSEnHmgGNT6Dg=="],

    "@typescript/native-preview-darwin-x64": ["@typescript/native-preview-darwin-x64@7.0.0-dev.20260315.1", "", { "os": "darwin", "cpu": "x64" }, "sha512-7a2P4KyJQF83Zj+3Vi/VCV9I/0lC+2QRgD4JEIh1H0FliRDZILUIbiAqWaksHHl4pBMtlRZr+1hjad5vPUsQmA=="],

    "@typescript/native-preview-linux-arm": ["@typescript/native-preview-linux-arm@7.0.0-dev.20260315.1", "", { "os": "linux", "cpu": "arm" }, "sha512-n2MhBeDAmdbp6DOtz+I2JeGpNzepzvXxPEDpRE+syAT5mTXstwTk+9w4rF2SLt1YgLuPmon7iZhkUyPTd0dD7A=="],

    "@typescript/native-preview-linux-arm64": ["@typescript/native-preview-linux-arm64@7.0.0-dev.20260315.1", "", { "os": "linux", "cpu": "arm64" }, "sha512-DwKY8zVqsQx0+golSKopbzZVIVfnsUVVt7s6Wg5kiAYrFy32TNKqANfbiWLBe5PGSpYu9Mx1XWLpsvi6/58BWw=="],

    "@typescript/native-preview-linux-x64": ["@typescript/native-preview-linux-x64@7.0.0-dev.20260315.1", "", { "os": "linux", "cpu": "x64" }, "sha512-5kRxtdfqF9X1q/vIg7myq7D0MmF3GywZXS3mmZq6TQEFiu5IClHPaQCuCQqYdtHmHtZllHZz0VaEtnvV9Vamrw=="],

    "@typescript/native-preview-win32-arm64": ["@typescript/native-preview-win32-arm64@7.0.0-dev.20260315.1", "", { "os": "win32", "cpu": "arm64" }, "sha512-u0ixXTG/97k2eVRQfwafGckHuK60st5ADYn23KQvZJxeUZ47XWIjzCL1JLcoiRexEAwsEerireyy32l4LxA9BQ=="],

    "@typescript/native-preview-win32-x64": ["@typescript/native-preview-win32-x64@7.0.0-dev.20260315.1", "", { "os": "win32", "cpu": "x64" }, "sha512-iSnVmAZgogCup/5SOF2h+Hwdywa4cGNIw9z8jpTVJof56w5GR9Hx3vN9UszqszjGxPNobYERcOk8QhGZO8uf5g=="],

    "bun-types": ["bun-types@1.3.10", "", { "dependencies": { "@types/node": "*" } }, "sha512-tcpfCCl6XWo6nCVnpcVrxQ+9AYN1iqMIzgrSKYMB/fjLtV2eyAVEg7AxQJuCq/26R6HpKWykQXuSOq/21RYcbg=="],

    "undici-types": ["undici-types@7.18.2", "", {}, "sha512-AsuCzffGHJybSaRrmr5eHr81mwJU3kjw6M+uprWvCXiNeN9SOGwQ3Jn8jb8m3Z6izVgknn1R0FTCEAP2QrLY/w=="],
  }
}
